dependencies:
- name: wordpress
  repository: https://charts.bitnami.com/bitnami
  version: 9.6.9
- name: nginx-ingress-controller
  repository: https://charts.bitnami.com/bitnami
  version: 5.5.1
digest: sha256:77995876c12cebc5e514ad9e15dc1833c6c309445c032306fdce61dddae80a9c
generated: "2020-10-19T18:12:37.139780188+02:00"
